# This file is automatically @generated by Cargo.
# It is not intended for manual editing.
version = 3

[[package]]
name = "cfg-if"
version = "1.0.0"
source = "registry+https://github.com/rust-lang/crates.io-index"
checksum = "baf1de4339761588bc0619e3cbc0120ee582ebb74b53b4efbf79117bd2da40fd"

[[package]]
name = "configparser"
version = "3.0.0"
source = "registry+https://github.com/rust-lang/crates.io-index"
checksum = "06821ea598337a8412cf47c5b71c3bc694a7f0aed188ac28b836fab164a2c202"

[[package]]
name = "ini_data-rs"
version = "0.1.0"
dependencies = [
 "configparser",
 "log",
]

[[package]]
name = "log"
version = "0.4.16"
source = "registry+https://github.com/rust-lang/crates.io-index"
checksum = "6389c490849ff5bc16be905ae24bc913a9c8892e19b2341dbc175e14c341c2b8"
dependencies = [
 "cfg-if",
]
